
Microsoft Visual Studio Solution File, Format Version 12.00
Project("{2150E333-8FDC-42A3-9474-1A3956D46DE8}") = "SolutionItems", "SolutionItems", "{D77FC121-6A5D-439E-9EC3-048CA7EE9F90}"
	ProjectSection(SolutionItems) = preProject
		compose.yaml = compose.yaml
		StyleCop.ruleset = StyleCop.ruleset
		readme.md = readme.md
		Directory.Packages.props = Directory.Packages.props
		Directory.Build.props = Directory.Build.props
	EndProjectSection
EndProject
Project("{2150E333-8FDC-42A3-9474-1A3956D46DE8}") = "src", "src", "{827E0CD3-B72D-47B6-A68D-7590B98EB39B}"
EndProject
Project("{FAE04EC0-301F-11D3-BF4B-00C04F79EFBC}") = "Api", "src\Api\Api.csproj", "{263D4FF0-911E-4EEE-B857-196E50AA316D}"
EndProject
Project("{FAE04EC0-301F-11D3-BF4B-00C04F79EFBC}") = "Infrastructure", "src\Infrastructure\Infrastructure.csproj", "{19C565BF-DD3C-4B4F-A3D9-8D2CDC7502B3}"
EndProject
Project("{FAE04EC0-301F-11D3-BF4B-00C04F79EFBC}") = "Domain", "src\Domain\Domain.csproj", "{3267F171-AE37-45B9-8452-C4BD1FD6AD15}"
EndProject
Project("{FAE04EC0-301F-11D3-BF4B-00C04F79EFBC}") = "Application", "src\Application\Application.csproj", "{EF571C9A-838D-4730-82BD-CE5627A6443B}"
EndProject
Global
	GlobalSection(SolutionConfigurationPlatforms) = preSolution
		Debug|Any CPU = Debug|Any CPU
		Debug|x64 = Debug|x64
		Debug|x86 = Debug|x86
		Release|Any CPU = Release|Any CPU
		Release|x64 = Release|x64
		Release|x86 = Release|x86
	EndGlobalSection
	GlobalSection(ProjectConfigurationPlatforms) = postSolution
		{263D4FF0-911E-4EEE-B857-196E50AA316D}.Debug|Any CPU.ActiveCfg = Debug|Any CPU
		{263D4FF0-911E-4EEE-B857-196E50AA316D}.Debug|Any CPU.Build.0 = Debug|Any CPU
		{263D4FF0-911E-4EEE-B857-196E50AA316D}.Debug|x64.ActiveCfg = Debug|Any CPU
		{263D4FF0-911E-4EEE-B857-196E50AA316D}.Debug|x64.Build.0 = Debug|Any CPU
		{263D4FF0-911E-4EEE-B857-196E50AA316D}.Debug|x86.ActiveCfg = Debug|Any CPU
		{263D4FF0-911E-4EEE-B857-196E50AA316D}.Debug|x86.Build.0 = Debug|Any CPU
		{263D4FF0-911E-4EEE-B857-196E50AA316D}.Release|Any CPU.ActiveCfg = Release|Any CPU
		{263D4FF0-911E-4EEE-B857-196E50AA316D}.Release|Any CPU.Build.0 = Release|Any CPU
		{263D4FF0-911E-4EEE-B857-196E50AA316D}.Release|x64.ActiveCfg = Release|Any CPU
		{263D4FF0-911E-4EEE-B857-196E50AA316D}.Release|x64.Build.0 = Release|Any CPU
		{263D4FF0-911E-4EEE-B857-196E50AA316D}.Release|x86.ActiveCfg = Release|Any CPU
		{263D4FF0-911E-4EEE-B857-196E50AA316D}.Release|x86.Build.0 = Release|Any CPU
		{19C565BF-DD3C-4B4F-A3D9-8D2CDC7502B3}.Debug|Any CPU.ActiveCfg = Debug|Any CPU
		{19C565BF-DD3C-4B4F-A3D9-8D2CDC7502B3}.Debug|Any CPU.Build.0 = Debug|Any CPU
		{19C565BF-DD3C-4B4F-A3D9-8D2CDC7502B3}.Debug|x64.ActiveCfg = Debug|Any CPU
		{19C565BF-DD3C-4B4F-A3D9-8D2CDC7502B3}.Debug|x64.Build.0 = Debug|Any CPU
		{19C565BF-DD3C-4B4F-A3D9-8D2CDC7502B3}.Debug|x86.ActiveCfg = Debug|Any CPU
		{19C565BF-DD3C-4B4F-A3D9-8D2CDC7502B3}.Debug|x86.Build.0 = Debug|Any CPU
		{19C565BF-DD3C-4B4F-A3D9-8D2CDC7502B3}.Release|Any CPU.ActiveCfg = Release|Any CPU
		{19C565BF-DD3C-4B4F-A3D9-8D2CDC7502B3}.Release|Any CPU.Build.0 = Release|Any CPU
		{19C565BF-DD3C-4B4F-A3D9-8D2CDC7502B3}.Release|x64.ActiveCfg = Release|Any CPU
		{19C565BF-DD3C-4B4F-A3D9-8D2CDC7502B3}.Release|x64.Build.0 = Release|Any CPU
		{19C565BF-DD3C-4B4F-A3D9-8D2CDC7502B3}.Release|x86.ActiveCfg = Release|Any CPU
		{19C565BF-DD3C-4B4F-A3D9-8D2CDC7502B3}.Release|x86.Build.0 = Release|Any CPU
		{3267F171-AE37-45B9-8452-C4BD1FD6AD15}.Debug|Any CPU.ActiveCfg = Debug|Any CPU
		{3267F171-AE37-45B9-8452-C4BD1FD6AD15}.Debug|Any CPU.Build.0 = Debug|Any CPU
		{3267F171-AE37-45B9-8452-C4BD1FD6AD15}.Debug|x64.ActiveCfg = Debug|Any CPU
		{3267F171-AE37-45B9-8452-C4BD1FD6AD15}.Debug|x64.Build.0 = Debug|Any CPU
		{3267F171-AE37-45B9-8452-C4BD1FD6AD15}.Debug|x86.ActiveCfg = Debug|Any CPU
		{3267F171-AE37-45B9-8452-C4BD1FD6AD15}.Debug|x86.Build.0 = Debug|Any CPU
		{3267F171-AE37-45B9-8452-C4BD1FD6AD15}.Release|Any CPU.ActiveCfg = Release|Any CPU
		{3267F171-AE37-45B9-8452-C4BD1FD6AD15}.Release|Any CPU.Build.0 = Release|Any CPU
		{3267F171-AE37-45B9-8452-C4BD1FD6AD15}.Release|x64.ActiveCfg = Release|Any CPU
		{3267F171-AE37-45B9-8452-C4BD1FD6AD15}.Release|x64.Build.0 = Release|Any CPU
		{3267F171-AE37-45B9-8452-C4BD1FD6AD15}.Release|x86.ActiveCfg = Release|Any CPU
		{3267F171-AE37-45B9-8452-C4BD1FD6AD15}.Release|x86.Build.0 = Release|Any CPU
		{EF571C9A-838D-4730-82BD-CE5627A6443B}.Debug|Any CPU.ActiveCfg = Debug|Any CPU
		{EF571C9A-838D-4730-82BD-CE5627A6443B}.Debug|Any CPU.Build.0 = Debug|Any CPU
		{EF571C9A-838D-4730-82BD-CE5627A6443B}.Debug|x64.ActiveCfg = Debug|Any CPU
		{EF571C9A-838D-4730-82BD-CE5627A6443B}.Debug|x64.Build.0 = Debug|Any CPU
		{EF571C9A-838D-4730-82BD-CE5627A6443B}.Debug|x86.ActiveCfg = Debug|Any CPU
		{EF571C9A-838D-4730-82BD-CE5627A6443B}.Debug|x86.Build.0 = Debug|Any CPU
		{EF571C9A-838D-4730-82BD-CE5627A6443B}.Release|Any CPU.ActiveCfg = Release|Any CPU
		{EF571C9A-838D-4730-82BD-CE5627A6443B}.Release|Any CPU.Build.0 = Release|Any CPU
		{EF571C9A-838D-4730-82BD-CE5627A6443B}.Release|x64.ActiveCfg = Release|Any CPU
		{EF571C9A-838D-4730-82BD-CE5627A6443B}.Release|x64.Build.0 = Release|Any CPU
		{EF571C9A-838D-4730-82BD-CE5627A6443B}.Release|x86.ActiveCfg = Release|Any CPU
		{EF571C9A-838D-4730-82BD-CE5627A6443B}.Release|x86.Build.0 = Release|Any CPU
	EndGlobalSection
	GlobalSection(SolutionProperties) = preSolution
		HideSolutionNode = FALSE
	EndGlobalSection
	GlobalSection(NestedProjects) = preSolution
		{263D4FF0-911E-4EEE-B857-196E50AA316D} = {827E0CD3-B72D-47B6-A68D-7590B98EB39B}
		{19C565BF-DD3C-4B4F-A3D9-8D2CDC7502B3} = {827E0CD3-B72D-47B6-A68D-7590B98EB39B}
		{3267F171-AE37-45B9-8452-C4BD1FD6AD15} = {827E0CD3-B72D-47B6-A68D-7590B98EB39B}
		{EF571C9A-838D-4730-82BD-CE5627A6443B} = {827E0CD3-B72D-47B6-A68D-7590B98EB39B}
	EndGlobalSection
EndGlobal
